
Microsoft Visual Studio Solution File, Format Version 12.00
# Visual Studio 14
VisualStudioVersion = 14.0.24720.0
MinimumVisualStudioVersion = 10.0.40219.1
Project("{151D2E53-A2C4-4D7D-83FE-D05416EBD58E}") = "AzureResourceGroup", "AzureResourceGroup\AzureResourceGroup.deployproj", "{C098F275-5C18-4A5A-B59C-E559B6C3BDE7}"
EndProject
Project("{FAE04EC0-301F-11D3-BF4B-00C04F79EFBC}") = "WebApp", "WebApp\WebApp.csproj", "{7EB27188-4023-4AF2-AA14-18CBF2709DE9}"
EndProject
Global
	GlobalSection(SolutionConfigurationPlatforms) = preSolution
		Debug|Any CPU = Debug|Any CPU
		Release|Any CPU = Release|Any CPU
	EndGlobalSection
	GlobalSection(ProjectConfigurationPlatforms) = postSolution
		{C098F275-5C18-4A5A-B59C-E559B6C3BDE7}.Debug|Any CPU.ActiveCfg = Debug|Any CPU
		{C098F275-5C18-4A5A-B59C-E559B6C3BDE7}.Debug|Any CPU.Build.0 = Debug|Any CPU
		{C098F275-5C18-4A5A-B59C-E559B6C3BDE7}.Release|Any CPU.ActiveCfg = Release|Any CPU
		{C098F275-5C18-4A5A-B59C-E559B6C3BDE7}.Release|Any CPU.Build.0 = Release|Any CPU
		{7EB27188-4023-4AF2-AA14-18CBF2709DE9}.Debug|Any CPU.ActiveCfg = Debug|Any CPU
		{7EB27188-4023-4AF2-AA14-18CBF2709DE9}.Debug|Any CPU.Build.0 = Debug|Any CPU
		{7EB27188-4023-4AF2-AA14-18CBF2709DE9}.Release|Any CPU.ActiveCfg = Release|Any CPU
		{7EB27188-4023-4AF2-AA14-18CBF2709DE9}.Release|Any CPU.Build.0 = Release|Any CPU
	EndGlobalSection
	GlobalSection(SolutionProperties) = preSolution
		HideSolutionNode = FALSE
	EndGlobalSection
EndGlobal
