
Microsoft Visual Studio Solution File, Format Version 12.00
# Visual Studio 14
VisualStudioVersion = 14.0.24720.0
MinimumVisualStudioVersion = 10.0.40219.1
Project("{2150E333-8FDC-42A3-9474-1A3956D46DE8}") = "Solution Items", "Solution Items", "{CB5A9F52-4D91-40ED-B2BA-859B491DE154}"
	ProjectSection(SolutionItems) = preProject
		global.json = global.json
	EndProjectSection
EndProject
Project("{8BB2217D-0F2D-49D1-97BC-3654ED321F3B}") = "PushMeNow.AspNet5", "PushMeNow.AspNet5\PushMeNow.AspNet5.xproj", "{C37217FA-AC9B-4E77-AB2C-F30BEB4AD1F2}"
EndProject
Project("{FAE04EC0-301F-11D3-BF4B-00C04F79EFBC}") = "PushMeNow.Client.WindowsPhone", "PushMeNow.Client.WindowsPhone\PushMeNow.Client.WindowsPhone.csproj", "{DD1F0D48-5518-49DB-9A01-71B1062EBA0B}"
EndProject
Global
	GlobalSection(SolutionConfigurationPlatforms) = preSolution
		Debug|Any CPU = Debug|Any CPU
		Debug|ARM = Debug|ARM
		Debug|x64 = Debug|x64
		Debug|x86 = Debug|x86
		Release|Any CPU = Release|Any CPU
		Release|ARM = Release|ARM
		Release|x64 = Release|x64
		Release|x86 = Release|x86
	EndGlobalSection
	GlobalSection(ProjectConfigurationPlatforms) = postSolution
		{C37217FA-AC9B-4E77-AB2C-F30BEB4AD1F2}.Debug|Any CPU.ActiveCfg = Debug|Any CPU
		{C37217FA-AC9B-4E77-AB2C-F30BEB4AD1F2}.Debug|Any CPU.Build.0 = Debug|Any CPU
		{C37217FA-AC9B-4E77-AB2C-F30BEB4AD1F2}.Debug|ARM.ActiveCfg = Debug|Any CPU
		{C37217FA-AC9B-4E77-AB2C-F30BEB4AD1F2}.Debug|ARM.Build.0 = Debug|Any CPU
		{C37217FA-AC9B-4E77-AB2C-F30BEB4AD1F2}.Debug|x64.ActiveCfg = Debug|Any CPU
		{C37217FA-AC9B-4E77-AB2C-F30BEB4AD1F2}.Debug|x64.Build.0 = Debug|Any CPU
		{C37217FA-AC9B-4E77-AB2C-F30BEB4AD1F2}.Debug|x86.ActiveCfg = Debug|Any CPU
		{C37217FA-AC9B-4E77-AB2C-F30BEB4AD1F2}.Debug|x86.Build.0 = Debug|Any CPU
		{C37217FA-AC9B-4E77-AB2C-F30BEB4AD1F2}.Release|Any CPU.ActiveCfg = Release|Any CPU
		{C37217FA-AC9B-4E77-AB2C-F30BEB4AD1F2}.Release|Any CPU.Build.0 = Release|Any CPU
		{C37217FA-AC9B-4E77-AB2C-F30BEB4AD1F2}.Release|ARM.ActiveCfg = Release|Any CPU
		{C37217FA-AC9B-4E77-AB2C-F30BEB4AD1F2}.Release|ARM.Build.0 = Release|Any CPU
		{C37217FA-AC9B-4E77-AB2C-F30BEB4AD1F2}.Release|x64.ActiveCfg = Release|Any CPU
		{C37217FA-AC9B-4E77-AB2C-F30BEB4AD1F2}.Release|x64.Build.0 = Release|Any CPU
		{C37217FA-AC9B-4E77-AB2C-F30BEB4AD1F2}.Release|x86.ActiveCfg = Release|Any CPU
		{C37217FA-AC9B-4E77-AB2C-F30BEB4AD1F2}.Release|x86.Build.0 = Release|Any CPU
		{DD1F0D48-5518-49DB-9A01-71B1062EBA0B}.Debug|Any CPU.ActiveCfg = Debug|Any CPU
		{DD1F0D48-5518-49DB-9A01-71B1062EBA0B}.Debug|Any CPU.Build.0 = Debug|Any CPU
		{DD1F0D48-5518-49DB-9A01-71B1062EBA0B}.Debug|Any CPU.Deploy.0 = Debug|Any CPU
		{DD1F0D48-5518-49DB-9A01-71B1062EBA0B}.Debug|ARM.ActiveCfg = Debug|ARM
		{DD1F0D48-5518-49DB-9A01-71B1062EBA0B}.Debug|ARM.Build.0 = Debug|ARM
		{DD1F0D48-5518-49DB-9A01-71B1062EBA0B}.Debug|ARM.Deploy.0 = Debug|ARM
		{DD1F0D48-5518-49DB-9A01-71B1062EBA0B}.Debug|x64.ActiveCfg = Debug|Any CPU
		{DD1F0D48-5518-49DB-9A01-71B1062EBA0B}.Debug|x64.Build.0 = Debug|Any CPU
		{DD1F0D48-5518-49DB-9A01-71B1062EBA0B}.Debug|x64.Deploy.0 = Debug|Any CPU
		{DD1F0D48-5518-49DB-9A01-71B1062EBA0B}.Debug|x86.ActiveCfg = Debug|x86
		{DD1F0D48-5518-49DB-9A01-71B1062EBA0B}.Debug|x86.Build.0 = Debug|x86
		{DD1F0D48-5518-49DB-9A01-71B1062EBA0B}.Debug|x86.Deploy.0 = Debug|x86
		{DD1F0D48-5518-49DB-9A01-71B1062EBA0B}.Release|Any CPU.ActiveCfg = Release|Any CPU
		{DD1F0D48-5518-49DB-9A01-71B1062EBA0B}.Release|Any CPU.Build.0 = Release|Any CPU
		{DD1F0D48-5518-49DB-9A01-71B1062EBA0B}.Release|Any CPU.Deploy.0 = Release|Any CPU
		{DD1F0D48-5518-49DB-9A01-71B1062EBA0B}.Release|ARM.ActiveCfg = Release|ARM
		{DD1F0D48-5518-49DB-9A01-71B1062EBA0B}.Release|ARM.Build.0 = Release|ARM
		{DD1F0D48-5518-49DB-9A01-71B1062EBA0B}.Release|ARM.Deploy.0 = Release|ARM
		{DD1F0D48-5518-49DB-9A01-71B1062EBA0B}.Release|x64.ActiveCfg = Release|Any CPU
		{DD1F0D48-5518-49DB-9A01-71B1062EBA0B}.Release|x64.Build.0 = Release|Any CPU
		{DD1F0D48-5518-49DB-9A01-71B1062EBA0B}.Release|x64.Deploy.0 = Release|Any CPU
		{DD1F0D48-5518-49DB-9A01-71B1062EBA0B}.Release|x86.ActiveCfg = Release|x86
		{DD1F0D48-5518-49DB-9A01-71B1062EBA0B}.Release|x86.Build.0 = Release|x86
		{DD1F0D48-5518-49DB-9A01-71B1062EBA0B}.Release|x86.Deploy.0 = Release|x86
	EndGlobalSection
	GlobalSection(SolutionProperties) = preSolution
		HideSolutionNode = FALSE
	EndGlobalSection
EndGlobal
