
Microsoft Visual Studio Solution File, Format Version 12.00
# Visual Studio 14
VisualStudioVersion = 14.0.25123.0
MinimumVisualStudioVersion = 10.0.40219.1
Project("{FAE04EC0-301F-11D3-BF4B-00C04F79EFBC}") = "S3ToAzure", "S3ToAzure\S3ToAzure.csproj", "{3A8EE762-9571-4E83-A079-5192A4514960}"
EndProject
Project("{FAE04EC0-301F-11D3-BF4B-00C04F79EFBC}") = "BasicCloudCopy", "BasicCloudCopy\BasicCloudCopy.csproj", "{252B330D-8573-44D1-B629-14CA25C3AA41}"
EndProject
Global
	GlobalSection(SolutionConfigurationPlatforms) = preSolution
		Debug|Any CPU = Debug|Any CPU
		Release|Any CPU = Release|Any CPU
	EndGlobalSection
	GlobalSection(ProjectConfigurationPlatforms) = postSolution
		{3A8EE762-9571-4E83-A079-5192A4514960}.Debug|Any CPU.ActiveCfg = Debug|Any CPU
		{3A8EE762-9571-4E83-A079-5192A4514960}.Debug|Any CPU.Build.0 = Debug|Any CPU
		{3A8EE762-9571-4E83-A079-5192A4514960}.Release|Any CPU.ActiveCfg = Release|Any CPU
		{3A8EE762-9571-4E83-A079-5192A4514960}.Release|Any CPU.Build.0 = Release|Any CPU
		{252B330D-8573-44D1-B629-14CA25C3AA41}.Debug|Any CPU.ActiveCfg = Debug|Any CPU
		{252B330D-8573-44D1-B629-14CA25C3AA41}.Debug|Any CPU.Build.0 = Debug|Any CPU
		{252B330D-8573-44D1-B629-14CA25C3AA41}.Release|Any CPU.ActiveCfg = Release|Any CPU
		{252B330D-8573-44D1-B629-14CA25C3AA41}.Release|Any CPU.Build.0 = Release|Any CPU
	EndGlobalSection
	GlobalSection(SolutionProperties) = preSolution
		HideSolutionNode = FALSE
	EndGlobalSection
EndGlobal
